{
  "version": 4,
  "terraform_version": "1.6.2",
  "serial": 12,
  "lineage": "927cf030-c5b7-7620-dee2-7e382c9a96ce",
  "outputs": {
    "terraform-first-url-repo": {
      "value": "https://github.com/Terminal127/terraform-test-repo",
      "type": "string"
    }
  },
  "resources": [
    {
      "mode": "managed",
      "type": "github_repository",
      "name": "terraform-test-rep",
      "provider": "provider[\"registry.terraform.io/hashicorp/github\"]",
      "instances": [
        {
          "schema_version": 1,
          "attributes": {
            "allow_auto_merge": false,
            "allow_merge_commit": true,
            "allow_rebase_merge": true,
            "allow_squash_merge": true,
            "allow_update_branch": false,
            "archive_on_destroy": null,
            "archived": false,
            "auto_init": true,
            "default_branch": "main",
            "delete_branch_on_merge": false,
            "description": "Testing...",
            "etag": "W/\"e6b85121207fee11e80560a80c3f797e72abcdfa32d28069fa224025e6892f59\"",
            "full_name": "Terminal127/terraform-test-repo",
            "git_clone_url": "git://github.com/Terminal127/terraform-test-repo.git",
            "gitignore_template": null,
            "has_discussions": false,
            "has_downloads": false,
            "has_issues": false,
            "has_projects": false,
            "has_wiki": false,
            "homepage_url": "",
            "html_url": "https://github.com/Terminal127/terraform-test-repo",
            "http_clone_url": "https://github.com/Terminal127/terraform-test-repo.git",
            "id": "terraform-test-repo",
            "ignore_vulnerability_alerts_during_read": null,
            "is_template": false,
            "license_template": null,
            "merge_commit_message": "PR_TITLE",
            "merge_commit_title": "MERGE_MESSAGE",
            "name": "terraform-test-repo",
            "node_id": "R_kgDOKnBImQ",
            "pages": [],
            "primary_language": "",
            "private": false,
            "repo_id": 712001689,
            "security_and_analysis": [
              {
                "advanced_security": [],
                "secret_scanning": [
                  {
                    "status": "disabled"
                  }
                ],
                "secret_scanning_push_protection": [
                  {
                    "status": "disabled"
                  }
                ]
              }
            ],
            "squash_merge_commit_message": "COMMIT_MESSAGES",
            "squash_merge_commit_title": "COMMIT_OR_PR_TITLE",
            "ssh_clone_url": "git@github.com:Terminal127/terraform-test-repo.git",
            "svn_url": "https://github.com/Terminal127/terraform-test-repo",
            "template": [],
            "topics": [],
            "visibility": "public",
            "vulnerability_alerts": false
          },
          "sensitive_attributes": [],
          "private": "eyJzY2hlbWFfdmVyc2lvbiI6IjEifQ=="
        }
      ]
    }
  ],
  "check_results": null
}
